
Microsoft Visual Studio Solution File, Format Version 12.00
# Visual Studio Version 17
VisualStudioVersion = 17.1.32210.238
MinimumVisualStudioVersion = 10.0.40219.1
Project("{FAE04EC0-301F-11D3-BF4B-00C04F79EFBC}") = "Geometry", "Geometry\Geometry.csproj", "{A16B462F-D5C9-4A9C-A417-84018F1FD5A8}"
EndProject
Global
	GlobalSection(SolutionConfigurationPlatforms) = preSolution
		Debug|Any CPU = Debug|Any CPU
		Release|Any CPU = Release|Any CPU
	EndGlobalSection
	GlobalSection(ProjectConfigurationPlatforms) = postSolution
		{A16B462F-D5C9-4A9C-A417-84018F1FD5A8}.Debug|Any CPU.ActiveCfg = Debug|Any CPU
		{A16B462F-D5C9-4A9C-A417-84018F1FD5A8}.Debug|Any CPU.Build.0 = Debug|Any CPU
		{A16B462F-D5C9-4A9C-A417-84018F1FD5A8}.Release|Any CPU.ActiveCfg = Release|Any CPU
		{A16B462F-D5C9-4A9C-A417-84018F1FD5A8}.Release|Any CPU.Build.0 = Release|Any CPU
	EndGlobalSection
	GlobalSection(SolutionProperties) = preSolution
		HideSolutionNode = FALSE
	EndGlobalSection
	GlobalSection(ExtensibilityGlobals) = postSolution
		SolutionGuid = {A29058E9-F700-458C-862D-967FD4D59F19}
	EndGlobalSection
EndGlobal
